// !$*UTF8*$!
{
	archiveVersion = 1;
	classes = {
	};
	objectVersion = 50;
	objects = {

/* Begin PBXBuildFile section */
		456B9D532417E496005AFBE6 /* AppDelegate.swift in Sources */ = {isa = PBXBuildFile; fileRef = 456B9D522417E496005AFBE6 /* AppDelegate.swift */; };
		456B9D552417E496005AFBE6 /* SceneDelegate.swift in Sources */ = {isa = PBXBuildFile; fileRef = 456B9D542417E496005AFBE6 /* SceneDelegate.swift */; };
		456B9D5A2417E496005AFBE6 /* Main.storyboard in Resources */ = {isa = PBXBuildFile; fileRef = 456B9D582417E496005AFBE6 /* Main.storyboard */; };
		456B9D5C2417E49A005AFBE6 /* Assets.xcassets in Resources */ = {isa = PBXBuildFile; fileRef = 456B9D5B2417E49A005AFBE6 /* Assets.xcassets */; };
		456B9D5F2417E49A005AFBE6 /* LaunchScreen.storyboard in Resources */ = {isa = PBXBuildFile; fileRef = 456B9D5D2417E49A005AFBE6 /* LaunchScreen.storyboard */; };
		456B9D6A2417E49A005AFBE6 /* WeatherLoggerTests.swift in Sources */ = {isa = PBXBuildFile; fileRef = 456B9D692417E49A005AFBE6 /* WeatherLoggerTests.swift */; };
		456B9D752417E49B005AFBE6 /* WeatherLoggerUITests.swift in Sources */ = {isa = PBXBuildFile; fileRef = 456B9D742417E49B005AFBE6 /* WeatherLoggerUITests.swift */; };
		456B9D852417ECB3005AFBE6 /* WeatherLoggerTableViewCell.swift in Sources */ = {isa = PBXBuildFile; fileRef = 456B9D842417ECB3005AFBE6 /* WeatherLoggerTableViewCell.swift */; };
		456B9D872417ECD8005AFBE6 /* WeatherLoggerTableViewController.swift in Sources */ = {isa = PBXBuildFile; fileRef = 456B9D862417ECD8005AFBE6 /* WeatherLoggerTableViewController.swift */; };
		456B9D8A2417EECF005AFBE6 /* WeatherLoggerViewModel.swift in Sources */ = {isa = PBXBuildFile; fileRef = 456B9D892417EECF005AFBE6 /* WeatherLoggerViewModel.swift */; };
		456B9D8E2417F521005AFBE6 /* HTTPServiceManager.swift in Sources */ = {isa = PBXBuildFile; fileRef = 456B9D8D2417F521005AFBE6 /* HTTPServiceManager.swift */; };
		456B9D902418BCCF005AFBE6 /* ChangeCityViewController.swift in Sources */ = {isa = PBXBuildFile; fileRef = 456B9D8F2418BCCF005AFBE6 /* ChangeCityViewController.swift */; };
		456B9D922418DAC2005AFBE6 /* WeatherDetailsViewController.swift in Sources */ = {isa = PBXBuildFile; fileRef = 456B9D912418DAC2005AFBE6 /* WeatherDetailsViewController.swift */; };
		456B9D96241916E1005AFBE6 /* WeatherLoggerViewModelTest.swift in Sources */ = {isa = PBXBuildFile; fileRef = 456B9D95241916E1005AFBE6 /* WeatherLoggerViewModelTest.swift */; };
/* End PBXBuildFile section */

/* Begin PBXContainerItemProxy section */
		456B9D662417E49A005AFBE6 /* PBXContainerItemProxy */ = {
			isa = PBXContainerItemProxy;
			containerPortal = 456B9D472417E496005AFBE6 /* Project object */;
			proxyType = 1;
			remoteGlobalIDString = 456B9D4E2417E496005AFBE6;
			remoteInfo = WeatherLogger;
		};
		456B9D712417E49A005AFBE6 /* PBXContainerItemProxy */ = {
			isa = PBXContainerItemProxy;
			containerPortal = 456B9D472417E496005AFBE6 /* Project object */;
			proxyType = 1;
			remoteGlobalIDString = 456B9D4E2417E496005AFBE6;
			remoteInfo = WeatherLogger;
		};
/* End PBXContainerItemProxy section */

/* Begin PBXFileReference section */
		456B9D4F2417E496005AFBE6 /* WeatherLogger.app */ = {isa = PBXFileReference; explicitFileType = wrapper.application; includeInIndex = 0; path = WeatherLogger.app; sourceTree = BUILT_PRODUCTS_DIR; };
		456B9D522417E496005AFBE6 /* AppDelegate.swift */ = {isa = PBXFileReference; lastKnownFileType = sourcecode.swift; path = AppDelegate.swift; sourceTree = "<group>"; };
		456B9D542417E496005AFBE6 /* SceneDelegate.swift */ = {isa = PBXFileReference; lastKnownFileType = sourcecode.swift; path = SceneDelegate.swift; sourceTree = "<group>"; };
		456B9D592417E496005AFBE6 /* Base */ = {isa = PBXFileReference; lastKnownFileType = file.storyboard; name = Base; path = Base.lproj/Main.storyboard; sourceTree = "<group>"; };
		456B9D5B2417E49A005AFBE6 /* Assets.xcassets */ = {isa = PBXFileReference; lastKnownFileType = folder.assetcatalog; path = Assets.xcassets; sourceTree = "<group>"; };
		456B9D5E2417E49A005AFBE6 /* Base */ = {isa = PBXFileReference; lastKnownFileType = file.storyboard; name = Base; path = Base.lproj/LaunchScreen.storyboard; sourceTree = "<group>"; };
		456B9D602417E49A005AFBE6 /* Info.plist */ = {isa = PBXFileReference; lastKnownFileType = text.plist.xml; path = Info.plist; sourceTree = "<group>"; };
		456B9D652417E49A005AFBE6 /* WeatherLoggerTests.xctest */ = {isa = PBXFileReference; explicitFileType = wrapper.cfbundle; includeInIndex = 0; path = WeatherLoggerTests.xctest; sourceTree = BUILT_PRODUCTS_DIR; };
		456B9D692417E49A005AFBE6 /* WeatherLoggerTests.swift */ = {isa = PBXFileReference; lastKnownFileType = sourcecode.swift; path = WeatherLoggerTests.swift; sourceTree = "<group>"; };
		456B9D6B2417E49A005AFBE6 /* Info.plist */ = {isa = PBXFileReference; lastKnownFileType = text.plist.xml; path = Info.plist; sourceTree = "<group>"; };
		456B9D702417E49A005AFBE6 /* WeatherLoggerUITests.xctest */ = {isa = PBXFileReference; explicitFileType = wrapper.cfbundle; includeInIndex = 0; path = WeatherLoggerUITests.xctest; sourceTree = BUILT_PRODUCTS_DIR; };
		456B9D742417E49B005AFBE6 /* WeatherLoggerUITests.swift */ = {isa = PBXFileReference; lastKnownFileType = sourcecode.swift; path = WeatherLoggerUITests.swift; sourceTree = "<group>"; };
		456B9D762417E49B005AFBE6 /* Info.plist */ = {isa = PBXFileReference; lastKnownFileType = text.plist.xml; path = Info.plist; sourceTree = "<group>"; };
		456B9D842417ECB3005AFBE6 /* WeatherLoggerTableViewCell.swift */ = {isa = PBXFileReference; lastKnownFileType = sourcecode.swift; path = WeatherLoggerTableViewCell.swift; sourceTree = "<group>"; };
		456B9D862417ECD8005AFBE6 /* WeatherLoggerTableViewController.swift */ = {isa = PBXFileReference; lastKnownFileType = sourcecode.swift; path = WeatherLoggerTableViewController.swift; sourceTree = "<group>"; };
		456B9D892417EECF005AFBE6 /* WeatherLoggerViewModel.swift */ = {isa = PBXFileReference; lastKnownFileType = sourcecode.swift; path = WeatherLoggerViewModel.swift; sourceTree = "<group>"; };
		456B9D8D2417F521005AFBE6 /* HTTPServiceManager.swift */ = {isa = PBXFileReference; lastKnownFileType = sourcecode.swift; path = HTTPServiceManager.swift; sourceTree = "<group>"; };
		456B9D8F2418BCCF005AFBE6 /* ChangeCityViewController.swift */ = {isa = PBXFileReference; lastKnownFileType = sourcecode.swift; path = ChangeCityViewController.swift; sourceTree = "<group>"; };
		456B9D912418DAC2005AFBE6 /* WeatherDetailsViewController.swift */ = {isa = PBXFileReference; lastKnownFileType = sourcecode.swift; path = WeatherDetailsViewController.swift; sourceTree = "<group>"; };
		456B9D95241916E1005AFBE6 /* WeatherLoggerViewModelTest.swift */ = {isa = PBXFileReference; lastKnownFileType = sourcecode.swift; path = WeatherLoggerViewModelTest.swift; sourceTree = "<group>"; };
/* End PBXFileReference section */

/* Begin PBXFrameworksBuildPhase section */
		456B9D4C2417E496005AFBE6 /* Frameworks */ = {
			isa = PBXFrameworksBuildPhase;
			buildActionMask = 2147483647;
			files = (
			);
			runOnlyForDeploymentPostprocessing = 0;
		};
		456B9D622417E49A005AFBE6 /* Frameworks */ = {
			isa = PBXFrameworksBuildPhase;
			buildActionMask = 2147483647;
			files = (
			);
			runOnlyForDeploymentPostprocessing = 0;
		};
		456B9D6D2417E49A005AFBE6 /* Frameworks */ = {
			isa = PBXFrameworksBuildPhase;
			buildActionMask = 2147483647;
			files = (
			);
			runOnlyForDeploymentPostprocessing = 0;
		};
/* End PBXFrameworksBuildPhase section */

/* Begin PBXGroup section */
		456B9D462417E496005AFBE6 = {
			isa = PBXGroup;
			children = (
				456B9D512417E496005AFBE6 /* WeatherLogger */,
				456B9D682417E49A005AFBE6 /* WeatherLoggerTests */,
				456B9D732417E49B005AFBE6 /* WeatherLoggerUITests */,
				456B9D502417E496005AFBE6 /* Products */,
			);
			sourceTree = "<group>";
		};
		456B9D502417E496005AFBE6 /* Products */ = {
			isa = PBXGroup;
			children = (
				456B9D4F2417E496005AFBE6 /* WeatherLogger.app */,
				456B9D652417E49A005AFBE6 /* WeatherLoggerTests.xctest */,
				456B9D702417E49A005AFBE6 /* WeatherLoggerUITests.xctest */,
			);
			name = Products;
			sourceTree = "<group>";
		};
		456B9D512417E496005AFBE6 /* WeatherLogger */ = {
			isa = PBXGroup;
			children = (
				456B9D8C2417F4FF005AFBE6 /* Service */,
				456B9D8B2417F443005AFBE6 /* View */,
				456B9D882417EEB7005AFBE6 /* ViewModel */,
				456B9D822417EC71005AFBE6 /* Controller */,
				456B9D522417E496005AFBE6 /* AppDelegate.swift */,
				456B9D542417E496005AFBE6 /* SceneDelegate.swift */,
				456B9D582417E496005AFBE6 /* Main.storyboard */,
				456B9D5B2417E49A005AFBE6 /* Assets.xcassets */,
				456B9D5D2417E49A005AFBE6 /* LaunchScreen.storyboard */,
				456B9D602417E49A005AFBE6 /* Info.plist */,
			);
			path = WeatherLogger;
			sourceTree = "<group>";
		};
		456B9D682417E49A005AFBE6 /* WeatherLoggerTests */ = {
			isa = PBXGroup;
			children = (
				456B9D94241916AD005AFBE6 /* ViewModel */,
				456B9D692417E49A005AFBE6 /* WeatherLoggerTests.swift */,
				456B9D6B2417E49A005AFBE6 /* Info.plist */,
			);
			path = WeatherLoggerTests;
			sourceTree = "<group>";
		};
		456B9D732417E49B005AFBE6 /* WeatherLoggerUITests */ = {
			isa = PBXGroup;
			children = (
				456B9D742417E49B005AFBE6 /* WeatherLoggerUITests.swift */,
				456B9D762417E49B005AFBE6 /* Info.plist */,
			);
			path = WeatherLoggerUITests;
			sourceTree = "<group>";
		};
		456B9D822417EC71005AFBE6 /* Controller */ = {
			isa = PBXGroup;
			children = (
				456B9D862417ECD8005AFBE6 /* WeatherLoggerTableViewController.swift */,
				456B9D8F2418BCCF005AFBE6 /* ChangeCityViewController.swift */,
				456B9D912418DAC2005AFBE6 /* WeatherDetailsViewController.swift */,
			);
			path = Controller;
			sourceTree = "<group>";
		};
		456B9D882417EEB7005AFBE6 /* ViewModel */ = {
			isa = PBXGroup;
			children = (
				456B9D892417EECF005AFBE6 /* WeatherLoggerViewModel.swift */,
			);
			path = ViewModel;
			sourceTree = "<group>";
		};
		456B9D8B2417F443005AFBE6 /* View */ = {
			isa = PBXGroup;
			children = (
				456B9D842417ECB3005AFBE6 /* WeatherLoggerTableViewCell.swift */,
			);
			path = View;
			sourceTree = "<group>";
		};
		456B9D8C2417F4FF005AFBE6 /* Service */ = {
			isa = PBXGroup;
			children = (
				456B9D8D2417F521005AFBE6 /* HTTPServiceManager.swift */,
			);
			path = Service;
			sourceTree = "<group>";
		};
		456B9D94241916AD005AFBE6 /* ViewModel */ = {
			isa = PBXGroup;
			children = (
				456B9D95241916E1005AFBE6 /* WeatherLoggerViewModelTest.swift */,
			);
			path = ViewModel;
			sourceTree = "<group>";
		};
/* End PBXGroup section */

/* Begin PBXNativeTarget section */
		456B9D4E2417E496005AFBE6 /* WeatherLogger */ = {
			isa = PBXNativeTarget;
			buildConfigurationList = 456B9D792417E49B005AFBE6 /* Build configuration list for PBXNativeTarget "WeatherLogger" */;
			buildPhases = (
				456B9D4B2417E496005AFBE6 /* Sources */,
				456B9D4C2417E496005AFBE6 /* Frameworks */,
				456B9D4D2417E496005AFBE6 /* Resources */,
			);
			buildRules = (
			);
			dependencies = (
			);
			name = WeatherLogger;
			productName = WeatherLogger;
			productReference = 456B9D4F2417E496005AFBE6 /* WeatherLogger.app */;
			productType = "com.apple.product-type.application";
		};
		456B9D642417E49A005AFBE6 /* WeatherLoggerTests */ = {
			isa = PBXNativeTarget;
			buildConfigurationList = 456B9D7C2417E49B005AFBE6 /* Build configuration list for PBXNativeTarget "WeatherLoggerTests" */;
			buildPhases = (
				456B9D612417E49A005AFBE6 /* Sources */,
				456B9D622417E49A005AFBE6 /* Frameworks */,
				456B9D632417E49A005AFBE6 /* Resources */,
			);
			buildRules = (
			);
			dependencies = (
				456B9D672417E49A005AFBE6 /* PBXTargetDependency */,
			);
			name = WeatherLoggerTests;
			productName = WeatherLoggerTests;
			productReference = 456B9D652417E49A005AFBE6 /* WeatherLoggerTests.xctest */;
			productType = "com.apple.product-type.bundle.unit-test";
		};
		456B9D6F2417E49A005AFBE6 /* WeatherLoggerUITests */ = {
			isa = PBXNativeTarget;
			buildConfigurationList = 456B9D7F2417E49B005AFBE6 /* Build configuration list for PBXNativeTarget "WeatherLoggerUITests" */;
			buildPhases = (
				456B9D6C2417E49A005AFBE6 /* Sources */,
				456B9D6D2417E49A005AFBE6 /* Frameworks */,
				456B9D6E2417E49A005AFBE6 /* Resources */,
			);
			buildRules = (
			);
			dependencies = (
				456B9D722417E49A005AFBE6 /* PBXTargetDependency */,
			);
			name = WeatherLoggerUITests;
			productName = WeatherLoggerUITests;
			productReference = 456B9D702417E49A005AFBE6 /* WeatherLoggerUITests.xctest */;
			productType = "com.apple.product-type.bundle.ui-testing";
		};
/* End PBXNativeTarget section */

/* Begin PBXProject section */
		456B9D472417E496005AFBE6 /* Project object */ = {
			isa = PBXProject;
			attributes = {
				LastSwiftUpdateCheck = 1110;
				LastUpgradeCheck = 1110;
				ORGANIZATIONNAME = "DEEPALI MAHESHWARI";
				TargetAttributes = {
					456B9D4E2417E496005AFBE6 = {
						CreatedOnToolsVersion = 11.1;
					};
					456B9D642417E49A005AFBE6 = {
						CreatedOnToolsVersion = 11.1;
						TestTargetID = 456B9D4E2417E496005AFBE6;
					};
					456B9D6F2417E49A005AFBE6 = {
						CreatedOnToolsVersion = 11.1;
						TestTargetID = 456B9D4E2417E496005AFBE6;
					};
				};
			};
			buildConfigurationList = 456B9D4A2417E496005AFBE6 /* Build configuration list for PBXProject "WeatherLogger" */;
			compatibilityVersion = "Xcode 9.3";
			developmentRegion = en;
			hasScannedForEncodings = 0;
			knownRegions = (
				en,
				Base,
			);
			mainGroup = 456B9D462417E496005AFBE6;
			productRefGroup = 456B9D502417E496005AFBE6 /* Products */;
			projectDirPath = "";
			projectRoot = "";
			targets = (
				456B9D4E2417E496005AFBE6 /* WeatherLogger */,
				456B9D642417E49A005AFBE6 /* WeatherLoggerTests */,
				456B9D6F2417E49A005AFBE6 /* WeatherLoggerUITests */,
			);
		};
/* End PBXProject section */

/* Begin PBXResourcesBuildPhase section */
		456B9D4D2417E496005AFBE6 /* Resources */ = {
			isa = PBXResourcesBuildPhase;
			buildActionMask = 2147483647;
			files = (
				456B9D5F2417E49A005AFBE6 /* LaunchScreen.storyboard in Resources */,
				456B9D5C2417E49A005AFBE6 /* Assets.xcassets in Resources */,
				456B9D5A2417E496005AFBE6 /* Main.storyboard in Resources */,
			);
			runOnlyForDeploymentPostprocessing = 0;
		};
		456B9D632417E49A005AFBE6 /* Resources */ = {
			isa = PBXResourcesBuildPhase;
			buildActionMask = 2147483647;
			files = (
			);
			runOnlyForDeploymentPostprocessing = 0;
		};
		456B9D6E2417E49A005AFBE6 /* Resources */ = {
			isa = PBXResourcesBuildPhase;
			buildActionMask = 2147483647;
			files = (
			);
			runOnlyForDeploymentPostprocessing = 0;
		};
/* End PBXResourcesBuildPhase section */

/* Begin PBXSourcesBuildPhase section */
		456B9D4B2417E496005AFBE6 /* Sources */ = {
			isa = PBXSourcesBuildPhase;
			buildActionMask = 2147483647;
			files = (
				456B9D852417ECB3005AFBE6 /* WeatherLoggerTableViewCell.swift in Sources */,
				456B9D8A2417EECF005AFBE6 /* WeatherLoggerViewModel.swift in Sources */,
				456B9D922418DAC2005AFBE6 /* WeatherDetailsViewController.swift in Sources */,
				456B9D532417E496005AFBE6 /* AppDelegate.swift in Sources */,
				456B9D902418BCCF005AFBE6 /* ChangeCityViewController.swift in Sources */,
				456B9D872417ECD8005AFBE6 /* WeatherLoggerTableViewController.swift in Sources */,
				456B9D552417E496005AFBE6 /* SceneDelegate.swift in Sources */,
				456B9D8E2417F521005AFBE6 /* HTTPServiceManager.swift in Sources */,
			);
			runOnlyForDeploymentPostprocessing = 0;
		};
		456B9D612417E49A005AFBE6 /* Sources */ = {
			isa = PBXSourcesBuildPhase;
			buildActionMask = 2147483647;
			files = (
				456B9D96241916E1005AFBE6 /* WeatherLoggerViewModelTest.swift in Sources */,
				456B9D6A2417E49A005AFBE6 /* WeatherLoggerTests.swift in Sources */,
			);
			runOnlyForDeploymentPostprocessing = 0;
		};
		456B9D6C2417E49A005AFBE6 /* Sources */ = {
			isa = PBXSourcesBuildPhase;
			buildActionMask = 2147483647;
			files = (
				456B9D752417E49B005AFBE6 /* WeatherLoggerUITests.swift in Sources */,
			);
			runOnlyForDeploymentPostprocessing = 0;
		};
/* End PBXSourcesBuildPhase section */

/* Begin PBXTargetDependency section */
		456B9D672417E49A005AFBE6 /* PBXTargetDependency */ = {
			isa = PBXTargetDependency;
			target = 456B9D4E2417E496005AFBE6 /* WeatherLogger */;
			targetProxy = 456B9D662417E49A005AFBE6 /* PBXContainerItemProxy */;
		};
		456B9D722417E49A005AFBE6 /* PBXTargetDependency */ = {
			isa = PBXTargetDependency;
			target = 456B9D4E2417E496005AFBE6 /* WeatherLogger */;
			targetProxy = 456B9D712417E49A005AFBE6 /* PBXContainerItemProxy */;
		};
/* End PBXTargetDependency section */

/* Begin PBXVariantGroup section */
		456B9D582417E496005AFBE6 /* Main.storyboard */ = {
			isa = PBXVariantGroup;
			children = (
				456B9D592417E496005AFBE6 /* Base */,
			);
			name = Main.storyboard;
			sourceTree = "<group>";
		};
		456B9D5D2417E49A005AFBE6 /* LaunchScreen.storyboard */ = {
			isa = PBXVariantGroup;
			children = (
				456B9D5E2417E49A005AFBE6 /* Base */,
			);
			name = LaunchScreen.storyboard;
			sourceTree = "<group>";
		};
/* End PBXVariantGroup section */

/* Begin XCBuildConfiguration section */
		456B9D772417E49B005AFBE6 /* Debug */ = {
			isa = XCBuildConfiguration;
			buildSettings = {
				ALWAYS_SEARCH_USER_PATHS = NO;
				CLANG_ANALYZER_NONNULL = YES;
				CLANG_ANALYZER_NUMBER_OBJECT_CONVERSION = YES_AGGRESSIVE;
				CLANG_CXX_LANGUAGE_STANDARD = "gnu++14";
				CLANG_CXX_LIBRARY = "libc++";
				CLANG_ENABLE_MODULES = YES;
				CLANG_ENABLE_OBJC_ARC = YES;
				CLANG_ENABLE_OBJC_WEAK = YES;
				CLANG_WARN_BLOCK_CAPTURE_AUTORELEASING = YES;
				CLANG_WARN_BOOL_CONVERSION = YES;
				CLANG_WARN_COMMA = YES;
				CLANG_WARN_CONSTANT_CONVERSION = YES;
				CLANG_WARN_DEPRECATED_OBJC_IMPLEMENTATIONS = YES;
				CLANG_WARN_DIRECT_OBJC_ISA_USAGE = YES_ERROR;
				CLANG_WARN_DOCUMENTATION_COMMENTS = YES;
				CLANG_WARN_EMPTY_BODY = YES;
				CLANG_WARN_ENUM_CONVERSION = YES;
				CLANG_WARN_INFINITE_RECURSION = YES;
				CLANG_WARN_INT_CONVERSION = YES;
				CLANG_WARN_NON_LITERAL_NULL_CONVERSION = YES;
				CLANG_WARN_OBJC_IMPLICIT_RETAIN_SELF = YES;
				CLANG_WARN_OBJC_LITERAL_CONVERSION = YES;
				CLANG_WARN_OBJC_ROOT_CLASS = YES_ERROR;
				CLANG_WARN_RANGE_LOOP_ANALYSIS = YES;
				CLANG_WARN_STRICT_PROTOTYPES = YES;
				CLANG_WARN_SUSPICIOUS_MOVE = YES;
				CLANG_WARN_UNGUARDED_AVAILABILITY = YES_AGGRESSIVE;
				CLANG_WARN_UNREACHABLE_CODE = YES;
				CLANG_WARN__DUPLICATE_METHOD_MATCH = YES;
				COPY_PHASE_STRIP = NO;
				DEBUG_INFORMATION_FORMAT = dwarf;
				ENABLE_STRICT_OBJC_MSGSEND = YES;
				ENABLE_TESTABILITY = YES;
				GCC_C_LANGUAGE_STANDARD = gnu11;
				GCC_DYNAMIC_NO_PIC = NO;
				GCC_NO_COMMON_BLOCKS = YES;
				GCC_OPTIMIZATION_LEVEL = 0;
				GCC_PREPROCESSOR_DEFINITIONS = (
					"DEBUG=1",
					"$(inherited)",
				);
				GCC_WARN_64_TO_32_BIT_CONVERSION = YES;
				GCC_WARN_ABOUT_RETURN_TYPE = YES_ERROR;
				GCC_WARN_UNDECLARED_SELECTOR = YES;
				GCC_WARN_UNINITIALIZED_AUTOS = YES_AGGRESSIVE;
				GCC_WARN_UNUSED_FUNCTION = YES;
				GCC_WARN_UNUSED_VARIABLE = YES;
				IPHONEOS_DEPLOYMENT_TARGET = 13.1;
				MTL_ENABLE_DEBUG_INFO = INCLUDE_SOURCE;
				MTL_FAST_MATH = YES;
				ONLY_ACTIVE_ARCH = YES;
				SDKROOT = iphoneos;
				SWIFT_ACTIVE_COMPILATION_CONDITIONS = DEBUG;
				SWIFT_OPTIMIZATION_LEVEL = "-Onone";
			};
			name = Debug;
		};
		456B9D782417E49B005AFBE6 /* Release */ = {
			isa = XCBuildConfiguration;
			buildSettings = {
				ALWAYS_SEARCH_USER_PATHS = NO;
				CLANG_ANALYZER_NONNULL = YES;
				CLANG_ANALYZER_NUMBER_OBJECT_CONVERSION = YES_AGGRESSIVE;
				CLANG_CXX_LANGUAGE_STANDARD = "gnu++14";
				CLANG_CXX_LIBRARY = "libc++";
				CLANG_ENABLE_MODULES = YES;
				CLANG_ENABLE_OBJC_ARC = YES;
				CLANG_ENABLE_OBJC_WEAK = YES;
				CLANG_WARN_BLOCK_CAPTURE_AUTORELEASING = YES;
				CLANG_WARN_BOOL_CONVERSION = YES;
				CLANG_WARN_COMMA = YES;
				CLANG_WARN_CONSTANT_CONVERSION = YES;
				CLANG_WARN_DEPRECATED_OBJC_IMPLEMENTATIONS = YES;
				CLANG_WARN_DIRECT_OBJC_ISA_USAGE = YES_ERROR;
				CLANG_WARN_DOCUMENTATION_COMMENTS = YES;
				CLANG_WARN_EMPTY_BODY = YES;
				CLANG_WARN_ENUM_CONVERSION = YES;
				CLANG_WARN_INFINITE_RECURSION = YES;
				CLANG_WARN_INT_CONVERSION = YES;
				CLANG_WARN_NON_LITERAL_NULL_CONVERSION = YES;
				CLANG_WARN_OBJC_IMPLICIT_RETAIN_SELF = YES;
				CLANG_WARN_OBJC_LITERAL_CONVERSION = YES;
				CLANG_WARN_OBJC_ROOT_CLASS = YES_ERROR;
				CLANG_WARN_RANGE_LOOP_ANALYSIS = YES;
				CLANG_WARN_STRICT_PROTOTYPES = YES;
				CLANG_WARN_SUSPICIOUS_MOVE = YES;
				CLANG_WARN_UNGUARDED_AVAILABILITY = YES_AGGRESSIVE;
				CLANG_WARN_UNREACHABLE_CODE = YES;
				CLANG_WARN__DUPLICATE_METHOD_MATCH = YES;
				COPY_PHASE_STRIP = NO;
				DEBUG_INFORMATION_FORMAT = "dwarf-with-dsym";
				ENABLE_NS_ASSERTIONS = NO;
				ENABLE_STRICT_OBJC_MSGSEND = YES;
				GCC_C_LANGUAGE_STANDARD = gnu11;
				GCC_NO_COMMON_BLOCKS = YES;
				GCC_WARN_64_TO_32_BIT_CONVERSION = YES;
				GCC_WARN_ABOUT_RETURN_TYPE = YES_ERROR;
				GCC_WARN_UNDECLARED_SELECTOR = YES;
				GCC_WARN_UNINITIALIZED_AUTOS = YES_AGGRESSIVE;
				GCC_WARN_UNUSED_FUNCTION = YES;
				GCC_WARN_UNUSED_VARIABLE = YES;
				IPHONEOS_DEPLOYMENT_TARGET = 13.1;
				MTL_ENABLE_DEBUG_INFO = NO;
				MTL_FAST_MATH = YES;
				SDKROOT = iphoneos;
				SWIFT_COMPILATION_MODE = wholemodule;
				SWIFT_OPTIMIZATION_LEVEL = "-O";
				VALIDATE_PRODUCT = YES;
			};
			name = Release;
		};
		456B9D7A2417E49B005AFBE6 /* Debug */ = {
			isa = XCBuildConfiguration;
			buildSettings = {
				ASSETCATALOG_COMPILER_APPICON_NAME = AppIcon;
				CODE_SIGN_STYLE = Automatic;
				DEVELOPMENT_TEAM = P5M9263PM7;
				INFOPLIST_FILE = WeatherLogger/Info.plist;
				LD_RUNPATH_SEARCH_PATHS = (
					"$(inherited)",
					"@executable_path/Frameworks",
				);
				PRODUCT_BUNDLE_IDENTIFIER = com.deeps.WeatherLogger;
				PRODUCT_NAME = "$(TARGET_NAME)";
				SWIFT_VERSION = 5.0;
				TARGETED_DEVICE_FAMILY = "1,2";
			};
			name = Debug;
		};
		456B9D7B2417E49B005AFBE6 /* Release */ = {
			isa = XCBuildConfiguration;
			buildSettings = {
				ASSETCATALOG_COMPILER_APPICON_NAME = AppIcon;
				CODE_SIGN_STYLE = Automatic;
				DEVELOPMENT_TEAM = P5M9263PM7;
				INFOPLIST_FILE = WeatherLogger/Info.plist;
				LD_RUNPATH_SEARCH_PATHS = (
					"$(inherited)",
					"@executable_path/Frameworks",
				);
				PRODUCT_BUNDLE_IDENTIFIER = com.deeps.WeatherLogger;
				PRODUCT_NAME = "$(TARGET_NAME)";
				SWIFT_VERSION = 5.0;
				TARGETED_DEVICE_FAMILY = "1,2";
			};
			name = Release;
		};
		456B9D7D2417E49B005AFBE6 /* Debug */ = {
			isa = XCBuildConfiguration;
			buildSettings = {
				ALWAYS_EMBED_SWIFT_STANDARD_LIBRARIES = YES;
				BUNDLE_LOADER = "$(TEST_HOST)";
				CODE_SIGN_STYLE = Automatic;
				DEVELOPMENT_TEAM = P5M9263PM7;
				INFOPLIST_FILE = WeatherLoggerTests/Info.plist;
				IPHONEOS_DEPLOYMENT_TARGET = 13.1;
				LD_RUNPATH_SEARCH_PATHS = (
					"$(inherited)",
					"@executable_path/Frameworks",
					"@loader_path/Frameworks",
				);
				PRODUCT_BUNDLE_IDENTIFIER = com.deeps.WeatherLoggerTests;
				PRODUCT_NAME = "$(TARGET_NAME)";
				SWIFT_VERSION = 5.0;
				TARGETED_DEVICE_FAMILY = "1,2";
				TEST_HOST = "$(BUILT_PRODUCTS_DIR)/WeatherLogger.app/WeatherLogger";
			};
			name = Debug;
		};
		456B9D7E2417E49B005AFBE6 /* Release */ = {
			isa = XCBuildConfiguration;
			buildSettings = {
				ALWAYS_EMBED_SWIFT_STANDARD_LIBRARIES = YES;
				BUNDLE_LOADER = "$(TEST_HOST)";
				CODE_SIGN_STYLE = Automatic;
				DEVELOPMENT_TEAM = P5M9263PM7;
				INFOPLIST_FILE = WeatherLoggerTests/Info.plist;
				IPHONEOS_DEPLOYMENT_TARGET = 13.1;
				LD_RUNPATH_SEARCH_PATHS = (
					"$(inherited)",
					"@executable_path/Frameworks",
					"@loader_path/Frameworks",
				);
				PRODUCT_BUNDLE_IDENTIFIER = com.deeps.WeatherLoggerTests;
				PRODUCT_NAME = "$(TARGET_NAME)";
				SWIFT_VERSION = 5.0;
				TARGETED_DEVICE_FAMILY = "1,2";
				TEST_HOST = "$(BUILT_PRODUCTS_DIR)/WeatherLogger.app/WeatherLogger";
			};
			name = Release;
		};
		456B9D802417E49B005AFBE6 /* Debug */ = {
			isa = XCBuildConfiguration;
			buildSettings = {
				ALWAYS_EMBED_SWIFT_STANDARD_LIBRARIES = YES;
				CODE_SIGN_STYLE = Automatic;
				DEVELOPMENT_TEAM = P5M9263PM7;
				INFOPLIST_FILE = WeatherLoggerUITests/Info.plist;
				LD_RUNPATH_SEARCH_PATHS = (
					"$(inherited)",
					"@executable_path/Frameworks",
					"@loader_path/Frameworks",
				);
				PRODUCT_BUNDLE_IDENTIFIER = com.deeps.WeatherLoggerUITests;
				PRODUCT_NAME = "$(TARGET_NAME)";
				SWIFT_VERSION = 5.0;
				TARGETED_DEVICE_FAMILY = "1,2";
				TEST_TARGET_NAME = WeatherLogger;
			};
			name = Debug;
		};
		456B9D812417E49B005AFBE6 /* Release */ = {
			isa = XCBuildConfiguration;
			buildSettings = {
				ALWAYS_EMBED_SWIFT_STANDARD_LIBRARIES = YES;
				CODE_SIGN_STYLE = Automatic;
				DEVELOPMENT_TEAM = P5M9263PM7;
				INFOPLIST_FILE = WeatherLoggerUITests/Info.plist;
				LD_RUNPATH_SEARCH_PATHS = (
					"$(inherited)",
					"@executable_path/Frameworks",
					"@loader_path/Frameworks",
				);
				PRODUCT_BUNDLE_IDENTIFIER = com.deeps.WeatherLoggerUITests;
				PRODUCT_NAME = "$(TARGET_NAME)";
				SWIFT_VERSION = 5.0;
				TARGETED_DEVICE_FAMILY = "1,2";
				TEST_TARGET_NAME = WeatherLogger;
			};
			name = Release;
		};
/* End XCBuildConfiguration section */

/* Begin XCConfigurationList section */
		456B9D4A2417E496005AFBE6 /* Build configuration list for PBXProject "WeatherLogger" */ = {
			isa = XCConfigurationList;
			buildConfigurations = (
				456B9D772417E49B005AFBE6 /* Debug */,
				456B9D782417E49B005AFBE6 /* Release */,
			);
			defaultConfigurationIsVisible = 0;
			defaultConfigurationName = Release;
		};
		456B9D792417E49B005AFBE6 /* Build configuration list for PBXNativeTarget "WeatherLogger" */ = {
			isa = XCConfigurationList;
			buildConfigurations = (
				456B9D7A2417E49B005AFBE6 /* Debug */,
				456B9D7B2417E49B005AFBE6 /* Release */,
			);
			defaultConfigurationIsVisible = 0;
			defaultConfigurationName = Release;
		};
		456B9D7C2417E49B005AFBE6 /* Build configuration list for PBXNativeTarget "WeatherLoggerTests" */ = {
			isa = XCConfigurationList;
			buildConfigurations = (
				456B9D7D2417E49B005AFBE6 /* Debug */,
				456B9D7E2417E49B005AFBE6 /* Release */,
			);
			defaultConfigurationIsVisible = 0;
			defaultConfigurationName = Release;
		};
		456B9D7F2417E49B005AFBE6 /* Build configuration list for PBXNativeTarget "WeatherLoggerUITests" */ = {
			isa = XCConfigurationList;
			buildConfigurations = (
				456B9D802417E49B005AFBE6 /* Debug */,
				456B9D812417E49B005AFBE6 /* Release */,
			);
			defaultConfigurationIsVisible = 0;
			defaultConfigurationName = Release;
		};
/* End XCConfigurationList section */
	};
	rootObject = 456B9D472417E496005AFBE6 /* Project object */;
}
